PODS:
  - Alamofire (4.2.0)
  - AlamofireObjectMapper (4.0.1):
    - Alamofire (~> 4.1)
    - ObjectMapper (~> 2.0)
  - ObjectMapper (2.2.1)
  - SDWebImage (3.8.2):
    - SDWebImage/Core (= 3.8.2)
  - SDWebImage/Core (3.8.2)

DEPENDENCIES:
  - Alamofire (~> 4.0)
  - AlamofireObjectMapper (~> 4.0)
  - SDWebImage (~> 3.8)

SPEC CHECKSUMS:
  Alamofire: aa2e09d871c9160ac53c90e83c68064a94e3dfbe
  AlamofireObjectMapper: 842d2eed43a4d0593ff0110d54ac86a170c4519c
  ObjectMapper: 41e43e1a89f8060ef5ea5d04ba852e269a621d68
  SDWebImage: '098e97e6176540799c27e804c96653ee0833d13c'

PODFILE CHECKSUM: b7733a1f7f70eddad4cb25ea3a366c780c683a8b

COCOAPODS: 1.1.1
